
Microsoft Visual Studio Solution File, Format Version 12.00
# Visual Studio 15
VisualStudioVersion = 15.0.28307.102
MinimumVisualStudioVersion = 10.0.40219.1
Project("{FAE04EC0-301F-11D3-BF4B-00C04F79EFBC}") = "FizzBuzzLibrary", "FizzBuzzLibrary\FizzBuzzLibrary.csproj", "{ED870763-50B0-4B03-B901-85FCC738D6BD}"
EndProject
Project("{FAE04EC0-301F-11D3-BF4B-00C04F79EFBC}") = "FizzBuzzConsoleApp", "FizzBuzzConsoleApp\FizzBuzzConsoleApp.csproj", "{26A42612-2A0C-45ED-B63F-6E3B60E587A6}"
EndProject
Global
	GlobalSection(SolutionConfigurationPlatforms) = preSolution
		Debug|Any CPU = Debug|Any CPU
		Release|Any CPU = Release|Any CPU
	EndGlobalSection
	GlobalSection(ProjectConfigurationPlatforms) = postSolution
		{ED870763-50B0-4B03-B901-85FCC738D6BD}.Debug|Any CPU.ActiveCfg = Debug|Any CPU
		{ED870763-50B0-4B03-B901-85FCC738D6BD}.Debug|Any CPU.Build.0 = Debug|Any CPU
		{ED870763-50B0-4B03-B901-85FCC738D6BD}.Release|Any CPU.ActiveCfg = Release|Any CPU
		{ED870763-50B0-4B03-B901-85FCC738D6BD}.Release|Any CPU.Build.0 = Release|Any CPU
		{26A42612-2A0C-45ED-B63F-6E3B60E587A6}.Debug|Any CPU.ActiveCfg = Debug|Any CPU
		{26A42612-2A0C-45ED-B63F-6E3B60E587A6}.Debug|Any CPU.Build.0 = Debug|Any CPU
		{26A42612-2A0C-45ED-B63F-6E3B60E587A6}.Release|Any CPU.ActiveCfg = Release|Any CPU
		{26A42612-2A0C-45ED-B63F-6E3B60E587A6}.Release|Any CPU.Build.0 = Release|Any CPU
	EndGlobalSection
	GlobalSection(SolutionProperties) = preSolution
		HideSolutionNode = FALSE
	EndGlobalSection
	GlobalSection(ExtensibilityGlobals) = postSolution
		SolutionGuid = {5D219158-90B1-40EF-8B8D-70873A80489E}
	EndGlobalSection
EndGlobal
