
Microsoft Visual Studio Solution File, Format Version 12.00
# Visual Studio 15
VisualStudioVersion = 15.0.28307.102
MinimumVisualStudioVersion = 10.0.40219.1
Project("{FAE04EC0-301F-11D3-BF4B-00C04F79EFBC}") = "ConferenceEventPlanner", "ConferenceEventPlanner\ConferenceEventPlanner.csproj", "{2695CE5C-F1B8-4D9B-91BC-F22A6480A59E}"
EndProject
Project("{FAE04EC0-301F-11D3-BF4B-00C04F79EFBC}") = "ConferenceEventPlannerTest", "ConferenceEventPlannerTest\ConferenceEventPlannerTest.csproj", "{F61D99E7-C040-48F9-A844-56F8D9176C5D}"
EndProject
Global
	GlobalSection(SolutionConfigurationPlatforms) = preSolution
		Debug|Any CPU = Debug|Any CPU
		Release|Any CPU = Release|Any CPU
	EndGlobalSection
	GlobalSection(ProjectConfigurationPlatforms) = postSolution
		{2695CE5C-F1B8-4D9B-91BC-F22A6480A59E}.Debug|Any CPU.ActiveCfg = Debug|Any CPU
		{2695CE5C-F1B8-4D9B-91BC-F22A6480A59E}.Debug|Any CPU.Build.0 = Debug|Any CPU
		{2695CE5C-F1B8-4D9B-91BC-F22A6480A59E}.Release|Any CPU.ActiveCfg = Release|Any CPU
		{2695CE5C-F1B8-4D9B-91BC-F22A6480A59E}.Release|Any CPU.Build.0 = Release|Any CPU
		{F61D99E7-C040-48F9-A844-56F8D9176C5D}.Debug|Any CPU.ActiveCfg = Debug|Any CPU
		{F61D99E7-C040-48F9-A844-56F8D9176C5D}.Debug|Any CPU.Build.0 = Debug|Any CPU
		{F61D99E7-C040-48F9-A844-56F8D9176C5D}.Release|Any CPU.ActiveCfg = Release|Any CPU
		{F61D99E7-C040-48F9-A844-56F8D9176C5D}.Release|Any CPU.Build.0 = Release|Any CPU
	EndGlobalSection
	GlobalSection(SolutionProperties) = preSolution
		HideSolutionNode = FALSE
	EndGlobalSection
	GlobalSection(ExtensibilityGlobals) = postSolution
		SolutionGuid = {23C31CE7-2AFF-4089-8FCB-AF763DBCD78A}
	EndGlobalSection
EndGlobal
